
Microsoft Visual Studio Solution File, Format Version 12.00
# Visual Studio 15
VisualStudioVersion = 15.0.26730.8
MinimumVisualStudioVersion = 10.0.40219.1
Project("{2150E333-8FDC-42A3-9474-1A3956D46DE8}") = "Solution Items", "Solution Items", "{FB8F967C-FAD9-4F1C-86EA-3DAE55C8C7D1}"
	ProjectSection(SolutionItems) = preProject
		.gitignore = .gitignore
	EndProjectSection
EndProject
Project("{8BC9CEB8-8B4A-11D0-8D11-00A0C91BC942}") = "Assembly", "Assembly\Assembly.vcxproj", "{5D84CCF8-5B0D-4139-AE41-C1FACBB6115C}"
EndProject
Global
	GlobalSection(SolutionConfigurationPlatforms) = preSolution
		Default|x86 = Default|x86
	EndGlobalSection
	GlobalSection(ProjectConfigurationPlatforms) = postSolution
		{5D84CCF8-5B0D-4139-AE41-C1FACBB6115C}.Default|x86.ActiveCfg = Default|Win32
		{5D84CCF8-5B0D-4139-AE41-C1FACBB6115C}.Default|x86.Build.0 = Default|Win32
	EndGlobalSection
	GlobalSection(SolutionProperties) = preSolution
		HideSolutionNode = FALSE
	EndGlobalSection
	GlobalSection(ExtensibilityGlobals) = postSolution
		SolutionGuid = {B77AAE72-3253-451C-B82B-516A64671837}
	EndGlobalSection
EndGlobal
