<?xml version="1.0" encoding="utf-8"?>
<Project ToolsVersion="4.0" xmlns="http://schemas.microsoft.com/developer/msbuild/2003">
  <ItemGroup>
    <None Include="_ROM.asm" />
    <None Include="b00.asm" />
    <None Include="b0D.asm" />
    <None Include="b0E.asm" />
    <None Include="b0F.asm" />
    <None Include="b01.asm" />
    <None Include="b2A.asm" />
    <None Include="b03.asm" />
    <None Include="b3C.asm" />
    <None Include="b04.asm" />
    <None Include="b05.asm" />
    <None Include="b11.asm" />
    <None Include="b12.asm" />
    <None Include="b13.asm" />
    <None Include="b14.asm" />
    <None Include="b15.asm" />
    <None Include="b20.asm" />
    <None Include="b21.asm" />
    <None Include="b22.asm" />
    <None Include="b23.asm" />
    <None Include="b24.asm" />
    <None Include="b25.asm" />
    <None Include="b26.asm" />
    <None Include="b27.asm" />
    <None Include="b28.asm" />
    <None Include="b29.asm" />
    <None Include="fillbyte.asm" />
    <None Include="b01\_b01.asm">
      <Filter>b01</Filter>
    </None>
    <None Include="b01\DATA_018000-8000.bin">
      <Filter>b01</Filter>
    </None>
    <None Include="b02\_b02.asm">
      <Filter>b02</Filter>
    </None>
    <None Include="b02\DATA_02A000-2000.bin">
      <Filter>b02</Filter>
    </None>
    <None Include="b02\DATA_02C000-0800.bin">
      <Filter>b02</Filter>
    </None>
    <None Include="b02\DATA_02C800-0200.bin">
      <Filter>b02</Filter>
    </None>
    <None Include="b02\DATA_02CA00-0200.bin">
      <Filter>b02</Filter>
    </None>
    <None Include="b02\DATA_02F000-1000.bin">
      <Filter>b02</Filter>
    </None>
    <None Include="b02\DATA_028000-1000.bin">
      <Filter>b02</Filter>
    </None>
    <None Include="b02\DATA_029000-1000.bin">
      <Filter>b02</Filter>
    </None>
    <None Include="b06\_b06.asm">
      <Filter>b06</Filter>
    </None>
    <None Include="b06\DATA_06A000-2000.bin">
      <Filter>b06</Filter>
    </None>
    <None Include="b06\DATA_06C000-4000.bin">
      <Filter>b06</Filter>
    </None>
    <None Include="b06\DATA_068000-2000.bin">
      <Filter>b06</Filter>
    </None>
    <None Include="b07\_b07.asm">
      <Filter>b07</Filter>
    </None>
    <None Include="b07\DATA_07C000-3C00.bin">
      <Filter>b07</Filter>
    </None>
    <None Include="b07\DATA_07FC00-00A0.bin">
      <Filter>b07</Filter>
    </None>
    <None Include="b07\DATA_07FCA0-001C.bin">
      <Filter>b07</Filter>
    </None>
    <None Include="b07\DATA_07FCBC-0344.bin">
      <Filter>b07</Filter>
    </None>
    <None Include="b07\DATA_078000-4000.bin">
      <Filter>b07</Filter>
    </None>
    <None Include="b0C\_b0C.asm">
      <Filter>b0C</Filter>
    </None>
    <None Include="b0C\DATA_0C8000-5000.bin">
      <Filter>b0C</Filter>
    </None>
    <None Include="b0C\DATA_0CD000-2800.bin">
      <Filter>b0C</Filter>
    </None>
    <None Include="b0C\DATA_0CF800-0800.bin">
      <Filter>b0C</Filter>
    </None>
    <None Include="b0B\_b0B.asm">
      <Filter>b0B</Filter>
    </None>
    <None Include="b0B\DATA_0B8000-0074.bin">
      <Filter>b0B</Filter>
    </None>
    <None Include="b0B\DATA_0B8074-7F8C.bin">
      <Filter>b0B</Filter>
    </None>
    <None Include="b0A\_b0A.asm">
      <Filter>b0A</Filter>
    </None>
    <None Include="b0A\DATA_0A8000-8000.bin">
      <Filter>b0A</Filter>
    </None>
    <None Include="b09\_b09.asm">
      <Filter>b09</Filter>
    </None>
    <None Include="b09\DATA_09A000-2000.bin">
      <Filter>b09</Filter>
    </None>
    <None Include="b09\DATA_09C000-1000.bin">
      <Filter>b09</Filter>
    </None>
    <None Include="b09\DATA_09D000-1000.bin">
      <Filter>b09</Filter>
    </None>
    <None Include="b09\DATA_09E000-0800.bin">
      <Filter>b09</Filter>
    </None>
    <None Include="b09\DATA_09E800-0800.bin">
      <Filter>b09</Filter>
    </None>
    <None Include="b09\DATA_09F000-0800.bin">
      <Filter>b09</Filter>
    </None>
    <None Include="b09\DATA_09F800-0800.bin">
      <Filter>b09</Filter>
    </None>
    <None Include="b09\DATA_098000-1000.bin">
      <Filter>b09</Filter>
    </None>
    <None Include="b09\DATA_099000-1000.bin">
      <Filter>b09</Filter>
    </None>
    <None Include="b08\_b08.asm">
      <Filter>b08</Filter>
    </None>
    <None Include="b08\DATA_08A000-1000.bin">
      <Filter>b08</Filter>
    </None>
    <None Include="b08\DATA_08B000-0800.bin">
      <Filter>b08</Filter>
    </None>
    <None Include="b08\DATA_08B800-0800.bin">
      <Filter>b08</Filter>
    </None>
    <None Include="b08\DATA_08C000-1000.bin">
      <Filter>b08</Filter>
    </None>
    <None Include="b08\DATA_08D000-1000.bin">
      <Filter>b08</Filter>
    </None>
    <None Include="b08\DATA_08E000-1000.bin">
      <Filter>b08</Filter>
    </None>
    <None Include="b08\DATA_08F000-1000.bin">
      <Filter>b08</Filter>
    </None>
    <None Include="b08\DATA_088000-1000.bin">
      <Filter>b08</Filter>
    </None>
    <None Include="b08\DATA_089000-0800.bin">
      <Filter>b08</Filter>
    </None>
    <None Include="b08\DATA_089800-0800.bin">
      <Filter>b08</Filter>
    </None>
    <None Include="b10\_b10.asm">
      <Filter>b10</Filter>
    </None>
    <None Include="b10\DATA_108000-8000.bin">
      <Filter>b10</Filter>
    </None>
    <None Include="b16\_b16.asm">
      <Filter>b16</Filter>
    </None>
    <None Include="b16\DATA_168000-8000.bin">
      <Filter>b16</Filter>
    </None>
    <None Include="b1B\_b1B.asm">
      <Filter>b1B</Filter>
    </None>
    <None Include="b1B\DATA_1B8000-4000.bin">
      <Filter>b1B</Filter>
    </None>
    <None Include="b1B\DATA_1BC000-4000.bin">
      <Filter>b1B</Filter>
    </None>
    <None Include="b17\_b17.asm">
      <Filter>b17</Filter>
    </None>
    <None Include="b17\DATA_178000-1000.bin">
      <Filter>b17</Filter>
    </None>
    <None Include="b17\DATA_179000-7000.bin">
      <Filter>b17</Filter>
    </None>
    <None Include="b18\_b18.asm">
      <Filter>b18</Filter>
    </None>
    <None Include="b18\DATA_18C000-0800.bin">
      <Filter>b18</Filter>
    </None>
    <None Include="b18\DATA_18C800-3800.bin">
      <Filter>b18</Filter>
    </None>
    <None Include="b18\DATA_188000-4000.bin">
      <Filter>b18</Filter>
    </None>
    <None Include="b19\_b19.asm">
      <Filter>b19</Filter>
    </None>
    <None Include="b19\DATA_19C800-1800.bin">
      <Filter>b19</Filter>
    </None>
    <None Include="b19\DATA_19E000-2000.bin">
      <Filter>b19</Filter>
    </None>
    <None Include="b19\DATA_198000-1800.bin">
      <Filter>b19</Filter>
    </None>
    <None Include="b19\DATA_199800-3000.bin">
      <Filter>b19</Filter>
    </None>
    <None Include="b1A\_b1A.asm">
      <Filter>b1A</Filter>
    </None>
    <None Include="b1A\DATA_1A8000-8000.bin">
      <Filter>b1A</Filter>
    </None>
    <None Include="b1C\_b1C.asm">
      <Filter>b1C</Filter>
    </None>
    <None Include="b1C\DATA_1C8000-3E00.bin">
      <Filter>b1C</Filter>
    </None>
    <None Include="b1C\DATA_1CBE00-4200.bin">
      <Filter>b1C</Filter>
    </None>
    <None Include="b1D\_b1D.asm">
      <Filter>b1D</Filter>
    </None>
    <None Include="b1D\DATA_1D8000-1000.bin">
      <Filter>b1D</Filter>
    </None>
    <None Include="b1D\DATA_1D9000-1000.bin">
      <Filter>b1D</Filter>
    </None>
    <None Include="b1D\DATA_1DA000-1000.bin">
      <Filter>b1D</Filter>
    </None>
    <None Include="b1D\DATA_1DB000-5000.bin">
      <Filter>b1D</Filter>
    </None>
    <None Include="b1E\_b1E.asm">
      <Filter>b1E</Filter>
    </None>
    <None Include="b1E\DATA_1E8000-8000.bin">
      <Filter>b1E</Filter>
    </None>
    <None Include="b1F\_b1F.asm">
      <Filter>b1F</Filter>
    </None>
    <None Include="b1F\DATA_1F8000-4000.bin">
      <Filter>b1F</Filter>
    </None>
    <None Include="b1F\DATA_1FC000-4000.bin">
      <Filter>b1F</Filter>
    </None>
    <None Include="b2B\_b2B.asm">
      <Filter>b2B</Filter>
    </None>
    <None Include="b2B\DATA_2B8000-8000.bin">
      <Filter>b2B</Filter>
    </None>
    <None Include="b2C\_b2C.asm">
      <Filter>b2C</Filter>
    </None>
    <None Include="b2C\DATA_2C8000-5800.bin">
      <Filter>b2C</Filter>
    </None>
    <None Include="b2C\DATA_2CD800-1000.bin">
      <Filter>b2C</Filter>
    </None>
    <None Include="b2C\DATA_2CE800-1800.bin">
      <Filter>b2C</Filter>
    </None>
    <None Include="b2D\_b2D.asm">
      <Filter>b2D</Filter>
    </None>
    <None Include="b2D\DATA_2D8000-8000.bin">
      <Filter>b2D</Filter>
    </None>
    <None Include="b2E\_b2E.asm">
      <Filter>b2E</Filter>
    </None>
    <None Include="b2E\DATA_2E8000-8000.bin">
      <Filter>b2E</Filter>
    </None>
    <None Include="b2F\_b2F.asm">
      <Filter>b2F</Filter>
    </None>
    <None Include="b2F\DATA_2F8000-8000.bin">
      <Filter>b2F</Filter>
    </None>
    <None Include="b30\_b30.asm">
      <Filter>b30</Filter>
    </None>
    <None Include="b30\DATA_30B800-4800.bin">
      <Filter>b30</Filter>
    </None>
    <None Include="b30\DATA_308000-3800.bin">
      <Filter>b30</Filter>
    </None>
    <None Include="b31\_b31.asm">
      <Filter>b31</Filter>
    </None>
    <None Include="b31\DATA_31A000-1000.bin">
      <Filter>b31</Filter>
    </None>
    <None Include="b31\DATA_31B000-5000.bin">
      <Filter>b31</Filter>
    </None>
    <None Include="b31\DATA_318000-2000.bin">
      <Filter>b31</Filter>
    </None>
    <None Include="b32\_b32.asm">
      <Filter>b32</Filter>
    </None>
    <None Include="b32\DATA_328000-0800.bin">
      <Filter>b32</Filter>
    </None>
    <None Include="b32\DATA_328800-0800.bin">
      <Filter>b32</Filter>
    </None>
    <None Include="b32\DATA_329000-7000.bin">
      <Filter>b32</Filter>
    </None>
    <None Include="b33\_b33.asm">
      <Filter>b33</Filter>
    </None>
    <None Include="b33\DATA_33B000-5000.bin">
      <Filter>b33</Filter>
    </None>
    <None Include="b33\DATA_338000-3000.bin">
      <Filter>b33</Filter>
    </None>
    <None Include="b34\_b34.asm">
      <Filter>b34</Filter>
    </None>
    <None Include="b34\DATA_34A800-2800.bin">
      <Filter>b34</Filter>
    </None>
    <None Include="b34\DATA_34D000-3000.bin">
      <Filter>b34</Filter>
    </None>
    <None Include="b34\DATA_348000-2800.bin">
      <Filter>b34</Filter>
    </None>
    <None Include="b35\_b35.asm">
      <Filter>b35</Filter>
    </None>
    <None Include="b35\DATA_35E000-2000.bin">
      <Filter>b35</Filter>
    </None>
    <None Include="b35\DATA_358000-6000.bin">
      <Filter>b35</Filter>
    </None>
    <None Include="b35\DATA_358000-8000.bin">
      <Filter>b35</Filter>
    </None>
    <None Include="b36\_b36.asm">
      <Filter>b36</Filter>
    </None>
    <None Include="b36\DATA_368000-8000.bin">
      <Filter>b36</Filter>
    </None>
    <None Include="b37\_b37.asm">
      <Filter>b37</Filter>
    </None>
    <None Include="b37\DATA_37B000-3000.bin">
      <Filter>b37</Filter>
    </None>
    <None Include="b37\DATA_37E000-1000.bin">
      <Filter>b37</Filter>
    </None>
    <None Include="b37\DATA_37F000-1000.bin">
      <Filter>b37</Filter>
    </None>
    <None Include="b37\DATA_378000-3000.bin">
      <Filter>b37</Filter>
    </None>
    <None Include="b37\DATA_378000-8000.bin">
      <Filter>b37</Filter>
    </None>
    <None Include="b38\_b38.asm">
      <Filter>b38</Filter>
    </None>
    <None Include="b38\DATA_38AC00-0C00.bin">
      <Filter>b38</Filter>
    </None>
    <None Include="b38\DATA_38B800-0800.bin">
      <Filter>b38</Filter>
    </None>
    <None Include="b38\DATA_38C000-4000.bin">
      <Filter>b38</Filter>
    </None>
    <None Include="b38\DATA_388000-2C00.bin">
      <Filter>b38</Filter>
    </None>
    <None Include="b39\_b39.asm">
      <Filter>b39</Filter>
    </None>
    <None Include="b39\DATA_39C000-4000.bin">
      <Filter>b39</Filter>
    </None>
    <None Include="b39\DATA_398000-4000.bin">
      <Filter>b39</Filter>
    </None>
    <None Include="b3A\_b3A.asm">
      <Filter>b3A</Filter>
    </None>
    <None Include="b3A\DATA_3A8000-3000.bin">
      <Filter>b3A</Filter>
    </None>
    <None Include="b3A\DATA_3AB000-5000.bin">
      <Filter>b3A</Filter>
    </None>
    <None Include="b3B\_b3B.asm">
      <Filter>b3B</Filter>
    </None>
    <None Include="b3B\DATA_3B8000-2251.bin">
      <Filter>b3B</Filter>
    </None>
    <None Include="b3B\DATA_3BA251-5DAF.bin">
      <Filter>b3B</Filter>
    </None>
    <None Include="b3D\_b3D.asm">
      <Filter>b3D</Filter>
    </None>
    <None Include="b3D\DATA_3D8000-2000.bin">
      <Filter>b3D</Filter>
    </None>
    <None Include="b3D\DATA_3DA000-0800.bin">
      <Filter>b3D</Filter>
    </None>
    <None Include="b3D\DATA_3DA800-2400.bin">
      <Filter>b3D</Filter>
    </None>
    <None Include="b3D\DATA_3DCC00-1400.bin">
      <Filter>b3D</Filter>
    </None>
    <None Include="b3D\DATA_3DE000-1000.bin">
      <Filter>b3D</Filter>
    </None>
    <None Include="b3D\DATA_3DF000-1000.bin">
      <Filter>b3D</Filter>
    </None>
    <None Include="b3E\_b3E.asm">
      <Filter>b3E</Filter>
    </None>
    <None Include="b3E\DATA_3E8000-8000.bin">
      <Filter>b3E</Filter>
    </None>
    <None Include="b3F\_b3F.asm">
      <Filter>b3F</Filter>
    </None>
    <None Include="b3F\DATA_3F8000-8000.bin">
      <Filter>b3F</Filter>
    </None>
  </ItemGroup>
  <ItemGroup>
    <Text Include="SPC-700.txt" />
  </ItemGroup>
  <ItemGroup>
    <Filter Include="b01">
      <UniqueIdentifier>{51867cf8-585d-462f-a1f4-7b2d7a1a7bc7}</UniqueIdentifier>
    </Filter>
    <Filter Include="b02">
      <UniqueIdentifier>{25b1b605-127e-4232-a76f-a06635eb4651}</UniqueIdentifier>
    </Filter>
    <Filter Include="b06">
      <UniqueIdentifier>{914e633b-83ca-4791-aef5-8a928dd4748c}</UniqueIdentifier>
    </Filter>
    <Filter Include="b07">
      <UniqueIdentifier>{6e3231f9-8126-47d6-935c-bba0fc3311ad}</UniqueIdentifier>
    </Filter>
    <Filter Include="b08">
      <UniqueIdentifier>{556e96aa-c213-43e9-8dc7-c83eefa443a4}</UniqueIdentifier>
    </Filter>
    <Filter Include="b09">
      <UniqueIdentifier>{a34bd976-cda4-4933-9a6f-9d815620003e}</UniqueIdentifier>
    </Filter>
    <Filter Include="b0A">
      <UniqueIdentifier>{50d057ac-d864-4581-9290-e25666f5f089}</UniqueIdentifier>
    </Filter>
    <Filter Include="b0B">
      <UniqueIdentifier>{85f4660d-0c4a-4190-835a-08f826f4e4c8}</UniqueIdentifier>
    </Filter>
    <Filter Include="b0C">
      <UniqueIdentifier>{3d37b008-f184-44ed-bdd7-08b88bae92c8}</UniqueIdentifier>
    </Filter>
    <Filter Include="b10">
      <UniqueIdentifier>{746741a9-47cd-4436-ad39-d5615fb6afa2}</UniqueIdentifier>
    </Filter>
    <Filter Include="b16">
      <UniqueIdentifier>{e2b9f6be-ed6b-4c39-bdcc-281f42f71822}</UniqueIdentifier>
    </Filter>
    <Filter Include="b17">
      <UniqueIdentifier>{0b6393ed-d327-46ca-a23e-9cc1de56f7a3}</UniqueIdentifier>
    </Filter>
    <Filter Include="b18">
      <UniqueIdentifier>{eb9c7af3-d190-4cfd-a35a-59f7b884233f}</UniqueIdentifier>
    </Filter>
    <Filter Include="b19">
      <UniqueIdentifier>{c66322e7-1d57-4edd-8c2b-4912449872d8}</UniqueIdentifier>
    </Filter>
    <Filter Include="b1A">
      <UniqueIdentifier>{78ea7b8e-e581-4049-8b61-042abaa67552}</UniqueIdentifier>
    </Filter>
    <Filter Include="b1B">
      <UniqueIdentifier>{3cdbfbe2-bec6-4437-ad00-4f10518026b8}</UniqueIdentifier>
    </Filter>
    <Filter Include="b1C">
      <UniqueIdentifier>{39598852-a4b6-41b6-a905-c918039a3612}</UniqueIdentifier>
    </Filter>
    <Filter Include="b1D">
      <UniqueIdentifier>{a39b6723-3360-4d5d-ba2b-8b33766fe9b5}</UniqueIdentifier>
    </Filter>
    <Filter Include="b1E">
      <UniqueIdentifier>{30d33942-7d83-4542-b530-e227dd33443a}</UniqueIdentifier>
    </Filter>
    <Filter Include="b1F">
      <UniqueIdentifier>{3f3f1949-dde1-47d8-9f46-76d8d04be26a}</UniqueIdentifier>
    </Filter>
    <Filter Include="b2B">
      <UniqueIdentifier>{f13cdfc3-92e6-4941-878b-116f23d6da62}</UniqueIdentifier>
    </Filter>
    <Filter Include="b2C">
      <UniqueIdentifier>{9ff6de32-4060-40d6-8e64-1759307cda18}</UniqueIdentifier>
    </Filter>
    <Filter Include="b2D">
      <UniqueIdentifier>{4295faf9-40e5-42c3-9100-ffbdde2f9c41}</UniqueIdentifier>
    </Filter>
    <Filter Include="b2E">
      <UniqueIdentifier>{5c0b0b1e-3fe4-4c7c-8460-d9091173457e}</UniqueIdentifier>
    </Filter>
    <Filter Include="b2F">
      <UniqueIdentifier>{96d0f274-8a0d-468d-9074-4faa90c181da}</UniqueIdentifier>
    </Filter>
    <Filter Include="b30">
      <UniqueIdentifier>{76fd11fc-800a-4a06-a4c3-0a3da1f135e0}</UniqueIdentifier>
    </Filter>
    <Filter Include="b31">
      <UniqueIdentifier>{5e1fd098-f48a-4fa3-a24c-b60ad3624eaa}</UniqueIdentifier>
    </Filter>
    <Filter Include="b32">
      <UniqueIdentifier>{1d272f94-70d8-4cc8-b007-0053c4f47022}</UniqueIdentifier>
    </Filter>
    <Filter Include="b33">
      <UniqueIdentifier>{641b91e9-8689-4137-9274-bf0f7af7044e}</UniqueIdentifier>
    </Filter>
    <Filter Include="b34">
      <UniqueIdentifier>{feadc023-7189-4d82-ae77-e56c03afb669}</UniqueIdentifier>
    </Filter>
    <Filter Include="b35">
      <UniqueIdentifier>{d5cb9348-c123-42c5-bdec-3c1a25bb80f7}</UniqueIdentifier>
    </Filter>
    <Filter Include="b36">
      <UniqueIdentifier>{d12349a9-9819-4005-abdf-2c21a9693446}</UniqueIdentifier>
    </Filter>
    <Filter Include="b37">
      <UniqueIdentifier>{2ca12761-d160-4cae-a888-9d71fec26c85}</UniqueIdentifier>
    </Filter>
    <Filter Include="b38">
      <UniqueIdentifier>{d1d08d46-eb82-4e2c-be28-1bced7e0da63}</UniqueIdentifier>
    </Filter>
    <Filter Include="b39">
      <UniqueIdentifier>{45a70a74-312d-4be3-afd3-c984402c43d5}</UniqueIdentifier>
    </Filter>
    <Filter Include="b3A">
      <UniqueIdentifier>{a734d2a8-b135-41c7-8998-6598c53ec7ab}</UniqueIdentifier>
    </Filter>
    <Filter Include="b3B">
      <UniqueIdentifier>{971f601a-5367-4db0-afab-08adec4bacdf}</UniqueIdentifier>
    </Filter>
    <Filter Include="b3C">
      <UniqueIdentifier>{d44cb17e-713a-42ed-ba2b-573e26474faa}</UniqueIdentifier>
    </Filter>
    <Filter Include="b3D">
      <UniqueIdentifier>{72273688-a2b0-443c-afd0-864765e9150e}</UniqueIdentifier>
    </Filter>
    <Filter Include="b3E">
      <UniqueIdentifier>{8a8fd6d2-471e-4d75-854e-653fde74ce29}</UniqueIdentifier>
    </Filter>
    <Filter Include="b3F">
      <UniqueIdentifier>{1efb1057-5728-4edb-b4ef-144fe07dd49f}</UniqueIdentifier>
    </Filter>
  </ItemGroup>
</Project>